// !$*UTF8*$!
{
	archiveVersion = 1;
	classes = {
	};
	objectVersion = 50;
	objects = {

/* Begin PBXBuildFile section */
		101770C52589485100848937 /* VideoCompositor.swift in Sources */ = {isa = PBXBuildFile; fileRef = 101770C42589485100848937 /* VideoCompositor.swift */; };
		101770CA25894FC400848937 /* VideoExporter.swift in Sources */ = {isa = PBXBuildFile; fileRef = 101770C925894FC400848937 /* VideoExporter.swift */; };
		1062D234258E534500CCF343 /* FilterOptionsView.swift in Sources */ = {isa = PBXBuildFile; fileRef = 1062D233258E534400CCF343 /* FilterOptionsView.swift */; };
		1062D238258E8B5200CCF343 /* HomeViewController.swift in Sources */ = {isa = PBXBuildFile; fileRef = 1062D237258E8B5200CCF343 /* HomeViewController.swift */; };
		1070D70D258E8E7B00CCE304 /* Utilites.swift in Sources */ = {isa = PBXBuildFile; fileRef = 1070D70C258E8E7B00CCE304 /* Utilites.swift */; };
		8413DA5F25C90B1300FCE1D8 /* MultipleVideoTranstionsViewController.swift in Sources */ = {isa = PBXBuildFile; fileRef = 8413DA5E25C90B1300FCE1D8 /* MultipleVideoTranstionsViewController.swift */; };
		8413DA6325C90B9C00FCE1D8 /* VideoTransition.swift in Sources */ = {isa = PBXBuildFile; fileRef = 8413DA6225C90B9C00FCE1D8 /* VideoTransition.swift */; };
		8413DA6625C90DDD00FCE1D8 /* VideoTransition+Error.swift in Sources */ = {isa = PBXBuildFile; fileRef = 8413DA6525C90DDD00FCE1D8 /* VideoTransition+Error.swift */; };
		8413DA6925C9130D00FCE1D8 /* VideoTransition+Result.swift in Sources */ = {isa = PBXBuildFile; fileRef = 8413DA6825C9130D00FCE1D8 /* VideoTransition+Result.swift */; };
		8413DA7325C9345C00FCE1D8 /* cut3.mp4 in Resources */ = {isa = PBXBuildFile; fileRef = 8413DA7025C9345C00FCE1D8 /* cut3.mp4 */; };
		8413DA7425C9345C00FCE1D8 /* cut2.mp4 in Resources */ = {isa = PBXBuildFile; fileRef = 8413DA7125C9345C00FCE1D8 /* cut2.mp4 */; };
		8413DA7525C9345C00FCE1D8 /* cut1.mp4 in Resources */ = {isa = PBXBuildFile; fileRef = 8413DA7225C9345C00FCE1D8 /* cut1.mp4 */; };
		8413DA7E25C94C0600FCE1D8 /* Transition.swift in Sources */ = {isa = PBXBuildFile; fileRef = 8413DA7D25C94C0600FCE1D8 /* Transition.swift */; };
		841DBDFC259592B8005A3171 /* FilterSlider.swift in Sources */ = {isa = PBXBuildFile; fileRef = 841DBDFB259592B8005A3171 /* FilterSlider.swift */; };
		841DBDFF25959528005A3171 /* TimeAndPositionTrackable.swift in Sources */ = {isa = PBXBuildFile; fileRef = 841DBDFE25959528005A3171 /* TimeAndPositionTrackable.swift */; };
		842313BE2589BFB3008B3860 /* CustomSlider.swift in Sources */ = {isa = PBXBuildFile; fileRef = 842313BD2589BFB3008B3860 /* CustomSlider.swift */; };
		842313C12589C1A7008B3860 /* PlayerToolbar.swift in Sources */ = {isa = PBXBuildFile; fileRef = 842313C02589C1A7008B3860 /* PlayerToolbar.swift */; };
		842313CD2589CD23008B3860 /* Extensions.swift in Sources */ = {isa = PBXBuildFile; fileRef = 842313CC2589CD23008B3860 /* Extensions.swift */; };
		843E10A625889D8600997900 /* PlayerView.swift in Sources */ = {isa = PBXBuildFile; fileRef = 843E10A525889D8500997900 /* PlayerView.swift */; };
		84499F852587228100041921 /* AppDelegate.swift in Sources */ = {isa = PBXBuildFile; fileRef = 84499F842587228100041921 /* AppDelegate.swift */; };
		84499F872587228100041921 /* SceneDelegate.swift in Sources */ = {isa = PBXBuildFile; fileRef = 84499F862587228100041921 /* SceneDelegate.swift */; };
		84499F8E2587228400041921 /* Assets.xcassets in Resources */ = {isa = PBXBuildFile; fileRef = 84499F8D2587228400041921 /* Assets.xcassets */; };
		84499F912587228400041921 /* LaunchScreen.storyboard in Resources */ = {isa = PBXBuildFile; fileRef = 84499F8F2587228400041921 /* LaunchScreen.storyboard */; };
		84499F9D2587231800041921 /* VideoEditorViewController.swift in Sources */ = {isa = PBXBuildFile; fileRef = 84499F9C2587231800041921 /* VideoEditorViewController.swift */; };
		84581270259477E2002223E7 /* FilterControlPresentationController.swift in Sources */ = {isa = PBXBuildFile; fileRef = 8458126F259477E2002223E7 /* FilterControlPresentationController.swift */; };
		845A9909258B33BA005B81D0 /* ThumbnailSlider.swift in Sources */ = {isa = PBXBuildFile; fileRef = 845A9908258B33BA005B81D0 /* ThumbnailSlider.swift */; };
		8464CFDC2594452000798523 /* Filter.swift in Sources */ = {isa = PBXBuildFile; fileRef = 8464CFDB2594452000798523 /* Filter.swift */; };
		8464CFEC2594476400798523 /* FilterControlViewController.swift in Sources */ = {isa = PBXBuildFile; fileRef = 8464CFEB2594476400798523 /* FilterControlViewController.swift */; };
		8464CFF02594480800798523 /* TimeRangeSlider.swift in Sources */ = {isa = PBXBuildFile; fileRef = 8464CFEF2594480800798523 /* TimeRangeSlider.swift */; };
		847D0C1F25909F26000689D2 /* MetalDevice.swift in Sources */ = {isa = PBXBuildFile; fileRef = 847D0C1E25909F26000689D2 /* MetalDevice.swift */; };
		847D0C2325909FC6000689D2 /* Filter+Extensions.swift in Sources */ = {isa = PBXBuildFile; fileRef = 847D0C2225909FC6000689D2 /* Filter+Extensions.swift */; };
		84994D3D259054200020A3E7 /* KernelHDRZebraFilter.ci.metal in Sources */ = {isa = PBXBuildFile; fileRef = 84994D3C259054200020A3E7 /* KernelHDRZebraFilter.ci.metal */; };
		84994D41259055890020A3E7 /* KernelHDRZebraFilter.swift in Sources */ = {isa = PBXBuildFile; fileRef = 84994D40259055890020A3E7 /* KernelHDRZebraFilter.swift */; };
		84994D45259057A20020A3E7 /* KernelThresholdFilter.ci.metal in Sources */ = {isa = PBXBuildFile; fileRef = 84994D44259057A20020A3E7 /* KernelThresholdFilter.ci.metal */; };
		84994D482590589B0020A3E7 /* KernelThresholdFilter.swift in Sources */ = {isa = PBXBuildFile; fileRef = 84994D472590589B0020A3E7 /* KernelThresholdFilter.swift */; };
		84994D4C25905D550020A3E7 /* sample-mp4-file.mp4 in Resources */ = {isa = PBXBuildFile; fileRef = 84994D4B25905D540020A3E7 /* sample-mp4-file.mp4 */; };
		84994D4F25905EB00020A3E7 /* KernelBaseFilter.swift in Sources */ = {isa = PBXBuildFile; fileRef = 84994D4E25905EB00020A3E7 /* KernelBaseFilter.swift */; };
		849B63EA2590A3A700CFB6A9 /* MetalBaseFilter.swift in Sources */ = {isa = PBXBuildFile; fileRef = 849B63E92590A3A700CFB6A9 /* MetalBaseFilter.swift */; };
		849F582C2592FEAE004477AD /* MetalSaturationFilter.metal in Sources */ = {isa = PBXBuildFile; fileRef = 849F582B2592FEAE004477AD /* MetalSaturationFilter.metal */; };
		849F58302592FF49004477AD /* MetalSaturationFilter.swift in Sources */ = {isa = PBXBuildFile; fileRef = 849F582F2592FF49004477AD /* MetalSaturationFilter.swift */; };
		849F5834259300FF004477AD /* MetalThresholdFilter.metal in Sources */ = {isa = PBXBuildFile; fileRef = 849F5833259300FF004477AD /* MetalThresholdFilter.metal */; };
		849F583825930335004477AD /* MetalThresholdFilter.swift in Sources */ = {isa = PBXBuildFile; fileRef = 849F583725930335004477AD /* MetalThresholdFilter.swift */; };
		849F583C25930622004477AD /* MetalSourceOverlayFilter.metal in Sources */ = {isa = PBXBuildFile; fileRef = 849F583B25930622004477AD /* MetalSourceOverlayFilter.metal */; };
		849F584025930653004477AD /* MetalSourceOverlayFilter.swift in Sources */ = {isa = PBXBuildFile; fileRef = 849F583F25930653004477AD /* MetalSourceOverlayFilter.swift */; };
		84BE888E25889EDE00F05BBE /* FilterOption.swift in Sources */ = {isa = PBXBuildFile; fileRef = 84BE888D25889EDE00F05BBE /* FilterOption.swift */; };
		84BE88912588ABAC00F05BBE /* ThumbnailTrack.swift in Sources */ = {isa = PBXBuildFile; fileRef = 84BE88902588ABAC00F05BBE /* ThumbnailTrack.swift */; };
		84D236122590B241009FA2C6 /* MetalBrightnessFilter.metal in Sources */ = {isa = PBXBuildFile; fileRef = 84D236112590B241009FA2C6 /* MetalBrightnessFilter.metal */; };
		84D236152590B272009FA2C6 /* MetalBrightnessFilter.swift in Sources */ = {isa = PBXBuildFile; fileRef = 84D236142590B272009FA2C6 /* MetalBrightnessFilter.swift */; };
		84FE8AB5258A03C800E7D1C9 /* PlaybackController.swift in Sources */ = {isa = PBXBuildFile; fileRef = 84FE8AB4258A03C800E7D1C9 /* PlaybackController.swift */; };
		84FE8AB8258A0AF300E7D1C9 /* PlayerSeeker.swift in Sources */ = {isa = PBXBuildFile; fileRef = 84FE8AB7258A0AF300E7D1C9 /* PlayerSeeker.swift */; };
/* End PBXBuildFile section */

/* Begin PBXBuildRule section */
		84994D37259051CA0020A3E7 /* PBXBuildRule */ = {
			isa = PBXBuildRule;
			compilerSpec = com.apple.compilers.proxy.script;
			filePatterns = "*ci.metal";
			fileType = pattern.proxy;
			inputFiles = (
			);
			isEditable = 1;
			outputFiles = (
				"$(DERIVED_FILE_DIR)/$(INPUT_FILE_BASE).air",
			);
			script = "xcrun metal -c $MTL_HEADER_SEARCH_PATHS -fcikernel \"${INPUT_FILE_PATH}\" -o \"${SCRIPT_OUTPUT_FILE_0}\"\n";
		};
		84994D382590520F0020A3E7 /* PBXBuildRule */ = {
			isa = PBXBuildRule;
			compilerSpec = com.apple.compilers.proxy.script;
			filePatterns = "*.ci.air";
			fileType = pattern.proxy;
			inputFiles = (
			);
			isEditable = 1;
			outputFiles = (
				"$(METAL_LIBRARY_OUTPUT_DIR)/$(INPUT_FILE_BASE).metallib",
			);
			script = "xcrun metallib -cikernel \"${INPUT_FILE_PATH}\" -o \"${SCRIPT_OUTPUT_FILE_0}\"\n";
		};
		84994D392590520F0020A3E7 /* PBXBuildRule */ = {
			isa = PBXBuildRule;
			compilerSpec = com.apple.compilers.proxy.script;
			fileType = pattern.proxy;
			inputFiles = (
			);
			isEditable = 1;
			outputFiles = (
			);
			script = "# Type a script or drag a script file from your workspace to insert its path.\n";
		};
/* End PBXBuildRule section */

/* Begin PBXFileReference section */
		101770C42589485100848937 /* VideoCompositor.swift */ = {isa = PBXFileReference; lastKnownFileType = sourcecode.swift; path = VideoCompositor.swift; sourceTree = "<group>"; };
		101770C925894FC400848937 /* VideoExporter.swift */ = {isa = PBXFileReference; lastKnownFileType = sourcecode.swift; path = VideoExporter.swift; sourceTree = "<group>"; };
		1062D233258E534400CCF343 /* FilterOptionsView.swift */ = {isa = PBXFileReference; lastKnownFileType = sourcecode.swift; path = FilterOptionsView.swift; sourceTree = "<group>"; };
		1062D237258E8B5200CCF343 /* HomeViewController.swift */ = {isa = PBXFileReference; lastKnownFileType = sourcecode.swift; path = HomeViewController.swift; sourceTree = "<group>"; };
		1070D70C258E8E7B00CCE304 /* Utilites.swift */ = {isa = PBXFileReference; lastKnownFileType = sourcecode.swift; path = Utilites.swift; sourceTree = "<group>"; };
		8413DA5E25C90B1300FCE1D8 /* MultipleVideoTranstionsViewController.swift */ = {isa = PBXFileReference; lastKnownFileType = sourcecode.swift; path = MultipleVideoTranstionsViewController.swift; sourceTree = "<group>"; };
		8413DA6225C90B9C00FCE1D8 /* VideoTransition.swift */ = {isa = PBXFileReference; lastKnownFileType = sourcecode.swift; path = VideoTransition.swift; sourceTree = "<group>"; };
		8413DA6525C90DDD00FCE1D8 /* VideoTransition+Error.swift */ = {isa = PBXFileReference; lastKnownFileType = sourcecode.swift; path = "VideoTransition+Error.swift"; sourceTree = "<group>"; };
		8413DA6825C9130D00FCE1D8 /* VideoTransition+Result.swift */ = {isa = PBXFileReference; lastKnownFileType = sourcecode.swift; path = "VideoTransition+Result.swift"; sourceTree = "<group>"; };
		8413DA7025C9345C00FCE1D8 /* cut3.mp4 */ = {isa = PBXFileReference; lastKnownFileType = file; path = cut3.mp4; sourceTree = "<group>"; };
		8413DA7125C9345C00FCE1D8 /* cut2.mp4 */ = {isa = PBXFileReference; lastKnownFileType = file; path = cut2.mp4; sourceTree = "<group>"; };
		8413DA7225C9345C00FCE1D8 /* cut1.mp4 */ = {isa = PBXFileReference; lastKnownFileType = file; path = cut1.mp4; sourceTree = "<group>"; };
		8413DA7D25C94C0600FCE1D8 /* Transition.swift */ = {isa = PBXFileReference; lastKnownFileType = sourcecode.swift; path = Transition.swift; sourceTree = "<group>"; };
		841DBDFB259592B8005A3171 /* FilterSlider.swift */ = {isa = PBXFileReference; lastKnownFileType = sourcecode.swift; path = FilterSlider.swift; sourceTree = "<group>"; };
		841DBDFE25959528005A3171 /* TimeAndPositionTrackable.swift */ = {isa = PBXFileReference; lastKnownFileType = sourcecode.swift; path = TimeAndPositionTrackable.swift; sourceTree = "<group>"; };
		842313BD2589BFB3008B3860 /* CustomSlider.swift */ = {isa = PBXFileReference; lastKnownFileType = sourcecode.swift; path = CustomSlider.swift; sourceTree = "<group>"; };
		842313C02589C1A7008B3860 /* PlayerToolbar.swift */ = {isa = PBXFileReference; lastKnownFileType = sourcecode.swift; path = PlayerToolbar.swift; sourceTree = "<group>"; };
		842313CC2589CD23008B3860 /* Extensions.swift */ = {isa = PBXFileReference; lastKnownFileType = sourcecode.swift; path = Extensions.swift; sourceTree = "<group>"; };
		843E10A525889D8500997900 /* PlayerView.swift */ = {isa = PBXFileReference; lastKnownFileType = sourcecode.swift; path = PlayerView.swift; sourceTree = "<group>"; };
		84499F812587228100041921 /* TestVideo.app */ = {isa = PBXFileReference; explicitFileType = wrapper.application; includeInIndex = 0; path = TestVideo.app; sourceTree = BUILT_PRODUCTS_DIR; };
		84499F842587228100041921 /* AppDelegate.swift */ = {isa = PBXFileReference; lastKnownFileType = sourcecode.swift; path = AppDelegate.swift; sourceTree = "<group>"; };
		84499F862587228100041921 /* SceneDelegate.swift */ = {isa = PBXFileReference; lastKnownFileType = sourcecode.swift; path = SceneDelegate.swift; sourceTree = "<group>"; };
		84499F8D2587228400041921 /* Assets.xcassets */ = {isa = PBXFileReference; lastKnownFileType = folder.assetcatalog; path = Assets.xcassets; sourceTree = "<group>"; };
		84499F902587228400041921 /* Base */ = {isa = PBXFileReference; lastKnownFileType = file.storyboard; name = Base; path = Base.lproj/LaunchScreen.storyboard; sourceTree = "<group>"; };
		84499F922587228400041921 /* Info.plist */ = {isa = PBXFileReference; lastKnownFileType = text.plist.xml; path = Info.plist; sourceTree = "<group>"; };
		84499F9C2587231800041921 /* VideoEditorViewController.swift */ = {isa = PBXFileReference; lastKnownFileType = sourcecode.swift; path = VideoEditorViewController.swift; sourceTree = "<group>"; };
		8458126F259477E2002223E7 /* FilterControlPresentationController.swift */ = {isa = PBXFileReference; lastKnownFileType = sourcecode.swift; path = FilterControlPresentationController.swift; sourceTree = "<group>"; };
		845A9908258B33BA005B81D0 /* ThumbnailSlider.swift */ = {isa = PBXFileReference; lastKnownFileType = sourcecode.swift; path = ThumbnailSlider.swift; sourceTree = "<group>"; };
		8464CFDB2594452000798523 /* Filter.swift */ = {isa = PBXFileReference; lastKnownFileType = sourcecode.swift; path = Filter.swift; sourceTree = "<group>"; };
		8464CFEB2594476400798523 /* FilterControlViewController.swift */ = {isa = PBXFileReference; lastKnownFileType = sourcecode.swift; path = FilterControlViewController.swift; sourceTree = "<group>"; };
		8464CFEF2594480800798523 /* TimeRangeSlider.swift */ = {isa = PBXFileReference; lastKnownFileType = sourcecode.swift; path = TimeRangeSlider.swift; sourceTree = "<group>"; };
		847D0C1E25909F26000689D2 /* MetalDevice.swift */ = {isa = PBXFileReference; lastKnownFileType = sourcecode.swift; path = MetalDevice.swift; sourceTree = "<group>"; };
		847D0C2225909FC6000689D2 /* Filter+Extensions.swift */ = {isa = PBXFileReference; lastKnownFileType = sourcecode.swift; path = "Filter+Extensions.swift"; sourceTree = "<group>"; };
		84994D3C259054200020A3E7 /* KernelHDRZebraFilter.ci.metal */ = {isa = PBXFileReference; lastKnownFileType = sourcecode.metal; path = KernelHDRZebraFilter.ci.metal; sourceTree = "<group>"; };
		84994D40259055890020A3E7 /* KernelHDRZebraFilter.swift */ = {isa = PBXFileReference; lastKnownFileType = sourcecode.swift; path = KernelHDRZebraFilter.swift; sourceTree = "<group>"; };
		84994D44259057A20020A3E7 /* KernelThresholdFilter.ci.metal */ = {isa = PBXFileReference; lastKnownFileType = sourcecode.metal; path = KernelThresholdFilter.ci.metal; sourceTree = "<group>"; };
		84994D472590589B0020A3E7 /* KernelThresholdFilter.swift */ = {isa = PBXFileReference; lastKnownFileType = sourcecode.swift; path = KernelThresholdFilter.swift; sourceTree = "<group>"; };
		84994D4B25905D540020A3E7 /* sample-mp4-file.mp4 */ = {isa = PBXFileReference; lastKnownFileType = file; path = "sample-mp4-file.mp4"; sourceTree = "<group>"; };
		84994D4E25905EB00020A3E7 /* KernelBaseFilter.swift */ = {isa = PBXFileReference; lastKnownFileType = sourcecode.swift; path = KernelBaseFilter.swift; sourceTree = "<group>"; };
		849B63E92590A3A700CFB6A9 /* MetalBaseFilter.swift */ = {isa = PBXFileReference; lastKnownFileType = sourcecode.swift; path = MetalBaseFilter.swift; sourceTree = "<group>"; };
		849F582B2592FEAE004477AD /* MetalSaturationFilter.metal */ = {isa = PBXFileReference; lastKnownFileType = sourcecode.metal; path = MetalSaturationFilter.metal; sourceTree = "<group>"; };
		849F582F2592FF49004477AD /* MetalSaturationFilter.swift */ = {isa = PBXFileReference; lastKnownFileType = sourcecode.swift; path = MetalSaturationFilter.swift; sourceTree = "<group>"; };
		849F5833259300FF004477AD /* MetalThresholdFilter.metal */ = {isa = PBXFileReference; lastKnownFileType = sourcecode.metal; path = MetalThresholdFilter.metal; sourceTree = "<group>"; };
		849F583725930335004477AD /* MetalThresholdFilter.swift */ = {isa = PBXFileReference; lastKnownFileType = sourcecode.swift; path = MetalThresholdFilter.swift; sourceTree = "<group>"; };
		849F583B25930622004477AD /* MetalSourceOverlayFilter.metal */ = {isa = PBXFileReference; lastKnownFileType = sourcecode.metal; path = MetalSourceOverlayFilter.metal; sourceTree = "<group>"; };
		849F583F25930653004477AD /* MetalSourceOverlayFilter.swift */ = {isa = PBXFileReference; lastKnownFileType = sourcecode.swift; path = MetalSourceOverlayFilter.swift; sourceTree = "<group>"; };
		84BE888D25889EDE00F05BBE /* FilterOption.swift */ = {isa = PBXFileReference; lastKnownFileType = sourcecode.swift; path = FilterOption.swift; sourceTree = "<group>"; };
		84BE88902588ABAC00F05BBE /* ThumbnailTrack.swift */ = {isa = PBXFileReference; lastKnownFileType = sourcecode.swift; path = ThumbnailTrack.swift; sourceTree = "<group>"; };
		84D236112590B241009FA2C6 /* MetalBrightnessFilter.metal */ = {isa = PBXFileReference; lastKnownFileType = sourcecode.metal; path = MetalBrightnessFilter.metal; sourceTree = "<group>"; };
		84D236142590B272009FA2C6 /* MetalBrightnessFilter.swift */ = {isa = PBXFileReference; lastKnownFileType = sourcecode.swift; path = MetalBrightnessFilter.swift; sourceTree = "<group>"; };
		84FE8AB4258A03C800E7D1C9 /* PlaybackController.swift */ = {isa = PBXFileReference; lastKnownFileType = sourcecode.swift; path = PlaybackController.swift; sourceTree = "<group>"; };
		84FE8AB7258A0AF300E7D1C9 /* PlayerSeeker.swift */ = {isa = PBXFileReference; lastKnownFileType = sourcecode.swift; path = PlayerSeeker.swift; sourceTree = "<group>"; };
/* End PBXFileReference section */

/* Begin PBXFrameworksBuildPhase section */
		84499F7E2587228100041921 /* Frameworks */ = {
			isa = PBXFrameworksBuildPhase;
			buildActionMask = 2147483647;
			files = (
			);
			runOnlyForDeploymentPostprocessing = 0;
		};
/* End PBXFrameworksBuildPhase section */

/* Begin PBXGroup section */
		8413DA5D25C90AED00FCE1D8 /* MultipleVideoTranstitions */ = {
			isa = PBXGroup;
			children = (
				8413DA5E25C90B1300FCE1D8 /* MultipleVideoTranstionsViewController.swift */,
			);
			path = MultipleVideoTranstitions;
			sourceTree = "<group>";
		};
		8413DA6125C90B6F00FCE1D8 /* Transition */ = {
			isa = PBXGroup;
			children = (
				8413DA7D25C94C0600FCE1D8 /* Transition.swift */,
				8413DA6225C90B9C00FCE1D8 /* VideoTransition.swift */,
				8413DA6825C9130D00FCE1D8 /* VideoTransition+Result.swift */,
				8413DA6525C90DDD00FCE1D8 /* VideoTransition+Error.swift */,
			);
			path = Transition;
			sourceTree = "<group>";
		};
		8413DA7725C949C100FCE1D8 /* UIComponents */ = {
			isa = PBXGroup;
			children = (
				841DBDFE25959528005A3171 /* TimeAndPositionTrackable.swift */,
				84F2A0272599D6CD00465310 /* FilterOptions */,
				8413DA7925C94A2600FCE1D8 /* CustomSlider */,
				8413DA7825C949F300FCE1D8 /* PlayerToolbar */,
				8464CFE82594461500798523 /* PlayerView */,
				8464CFEA2594475100798523 /* AddFilterViewController */,
			);
			path = UIComponents;
			sourceTree = "<group>";
		};
		8413DA7825C949F300FCE1D8 /* PlayerToolbar */ = {
			isa = PBXGroup;
			children = (
				842313C02589C1A7008B3860 /* PlayerToolbar.swift */,
				8464CFE6259445BB00798523 /* Thumbnail */,
			);
			path = PlayerToolbar;
			sourceTree = "<group>";
		};
		8413DA7925C94A2600FCE1D8 /* CustomSlider */ = {
			isa = PBXGroup;
			children = (
				842313BD2589BFB3008B3860 /* CustomSlider.swift */,
			);
			path = CustomSlider;
			sourceTree = "<group>";
		};
		8413DA7A25C94AD800FCE1D8 /* VideoExporter */ = {
			isa = PBXGroup;
			children = (
				101770C925894FC400848937 /* VideoExporter.swift */,
			);
			path = VideoExporter;
			sourceTree = "<group>";
		};
		8413DA7B25C94AE100FCE1D8 /* VideoCompositor */ = {
			isa = PBXGroup;
			children = (
				101770C42589485100848937 /* VideoCompositor.swift */,
			);
			path = VideoCompositor;
			sourceTree = "<group>";
		};
		84499F782587228100041921 = {
			isa = PBXGroup;
			children = (
				84499F832587228100041921 /* TestVideo */,
				84499F822587228100041921 /* Products */,
			);
			sourceTree = "<group>";
		};
		84499F822587228100041921 /* Products */ = {
			isa = PBXGroup;
			children = (
				84499F812587228100041921 /* TestVideo.app */,
			);
			name = Products;
			sourceTree = "<group>";
		};
		84499F832587228100041921 /* TestVideo */ = {
			isa = PBXGroup;
			children = (
				8413DA7725C949C100FCE1D8 /* UIComponents */,
				8464CFE92594462900798523 /* Components */,
				8464CFD82594446F00798523 /* Ultilities */,
				8464CFE22594457900798523 /* Scenes */,
				84994D4B25905D540020A3E7 /* sample-mp4-file.mp4 */,
				8413DA7225C9345C00FCE1D8 /* cut1.mp4 */,
				8413DA7125C9345C00FCE1D8 /* cut2.mp4 */,
				8413DA7025C9345C00FCE1D8 /* cut3.mp4 */,
				84499F842587228100041921 /* AppDelegate.swift */,
				84499F862587228100041921 /* SceneDelegate.swift */,
				84499F8D2587228400041921 /* Assets.xcassets */,
				84499F8F2587228400041921 /* LaunchScreen.storyboard */,
				84499F922587228400041921 /* Info.plist */,
			);
			path = TestVideo;
			sourceTree = "<group>";
		};
		8464CFD82594446F00798523 /* Ultilities */ = {
			isa = PBXGroup;
			children = (
				842313CC2589CD23008B3860 /* Extensions.swift */,
				1070D70C258E8E7B00CCE304 /* Utilites.swift */,
			);
			path = Ultilities;
			sourceTree = "<group>";
		};
		8464CFDA2594450100798523 /* FilterKinds */ = {
			isa = PBXGroup;
			children = (
				8464CFDB2594452000798523 /* Filter.swift */,
			);
			path = FilterKinds;
			sourceTree = "<group>";
		};
		8464CFE22594457900798523 /* Scenes */ = {
			isa = PBXGroup;
			children = (
				8464CFE32594458400798523 /* Home */,
				8464CFE42594458B00798523 /* VideoEditor */,
				8413DA5D25C90AED00FCE1D8 /* MultipleVideoTranstitions */,
			);
			path = Scenes;
			sourceTree = "<group>";
		};
		8464CFE32594458400798523 /* Home */ = {
			isa = PBXGroup;
			children = (
				1062D237258E8B5200CCF343 /* HomeViewController.swift */,
			);
			path = Home;
			sourceTree = "<group>";
		};
		8464CFE42594458B00798523 /* VideoEditor */ = {
			isa = PBXGroup;
			children = (
				84499F9C2587231800041921 /* VideoEditorViewController.swift */,
			);
			path = VideoEditor;
			sourceTree = "<group>";
		};
		8464CFE6259445BB00798523 /* Thumbnail */ = {
			isa = PBXGroup;
			children = (
				84BE88902588ABAC00F05BBE /* ThumbnailTrack.swift */,
				845A9908258B33BA005B81D0 /* ThumbnailSlider.swift */,
			);
			path = Thumbnail;
			sourceTree = "<group>";
		};
		8464CFE7259445C800798523 /* PlayerController */ = {
			isa = PBXGroup;
			children = (
				84FE8AB4258A03C800E7D1C9 /* PlaybackController.swift */,
				84FE8AB7258A0AF300E7D1C9 /* PlayerSeeker.swift */,
			);
			path = PlayerController;
			sourceTree = "<group>";
		};
		8464CFE82594461500798523 /* PlayerView */ = {
			isa = PBXGroup;
			children = (
				843E10A525889D8500997900 /* PlayerView.swift */,
			);
			path = PlayerView;
			sourceTree = "<group>";
		};
		8464CFE92594462900798523 /* Components */ = {
			isa = PBXGroup;
			children = (
				8413DA7B25C94AE100FCE1D8 /* VideoCompositor */,
				8413DA7A25C94AD800FCE1D8 /* VideoExporter */,
				8413DA6125C90B6F00FCE1D8 /* Transition */,
				84994D3A259052A00020A3E7 /* CustomFilters */,
				8464CFE7259445C800798523 /* PlayerController */,
				8464CFDA2594450100798523 /* FilterKinds */,
			);
			path = Components;
			sourceTree = "<group>";
		};
		8464CFEA2594475100798523 /* AddFilterViewController */ = {
			isa = PBXGroup;
			children = (
				8464CFEE259447EB00798523 /* Components */,
				8464CFEB2594476400798523 /* FilterControlViewController.swift */,
				8458126F259477E2002223E7 /* FilterControlPresentationController.swift */,
			);
			path = AddFilterViewController;
			sourceTree = "<group>";
		};
		8464CFEE259447EB00798523 /* Components */ = {
			isa = PBXGroup;
			children = (
				8464CFEF2594480800798523 /* TimeRangeSlider.swift */,
				841DBDFB259592B8005A3171 /* FilterSlider.swift */,
			);
			path = Components;
			sourceTree = "<group>";
		};
		84994D3A259052A00020A3E7 /* CustomFilters */ = {
			isa = PBXGroup;
			children = (
				849B63EF2590B13200CFB6A9 /* MetalFilters */,
				849B63ED2590B0E000CFB6A9 /* KernelFilters */,
			);
			path = CustomFilters;
			sourceTree = "<group>";
		};
		84994D3B259053D10020A3E7 /* KernelHDRZebraFilter */ = {
			isa = PBXGroup;
			children = (
				84994D3C259054200020A3E7 /* KernelHDRZebraFilter.ci.metal */,
				84994D40259055890020A3E7 /* KernelHDRZebraFilter.swift */,
			);
			path = KernelHDRZebraFilter;
			sourceTree = "<group>";
		};
		84994D43259057240020A3E7 /* KernelThresholdFilter */ = {
			isa = PBXGroup;
			children = (
				84994D44259057A20020A3E7 /* KernelThresholdFilter.ci.metal */,
				84994D472590589B0020A3E7 /* KernelThresholdFilter.swift */,
			);
			path = KernelThresholdFilter;
			sourceTree = "<group>";
		};
		849B63ED2590B0E000CFB6A9 /* KernelFilters */ = {
			isa = PBXGroup;
			children = (
				84994D4E25905EB00020A3E7 /* KernelBaseFilter.swift */,
				84994D43259057240020A3E7 /* KernelThresholdFilter */,
				84994D3B259053D10020A3E7 /* KernelHDRZebraFilter */,
			);
			path = KernelFilters;
			sourceTree = "<group>";
		};
		849B63EF2590B13200CFB6A9 /* MetalFilters */ = {
			isa = PBXGroup;
			children = (
				847D0C1E25909F26000689D2 /* MetalDevice.swift */,
				849B63E92590A3A700CFB6A9 /* MetalBaseFilter.swift */,
				847D0C2225909FC6000689D2 /* Filter+Extensions.swift */,
				84D2360C2590B181009FA2C6 /* MetalBrightnessFilter */,
				849F582A2592FE95004477AD /* MetalSaturationFilter */,
				849F5832259300E9004477AD /* MetalThresholdFilter */,
				849F583A2593060E004477AD /* MetalOverlayFilter */,
			);
			path = MetalFilters;
			sourceTree = "<group>";
		};
		849F582A2592FE95004477AD /* MetalSaturationFilter */ = {
			isa = PBXGroup;
			children = (
				849F582B2592FEAE004477AD /* MetalSaturationFilter.metal */,
				849F582F2592FF49004477AD /* MetalSaturationFilter.swift */,
			);
			path = MetalSaturationFilter;
			sourceTree = "<group>";
		};
		849F5832259300E9004477AD /* MetalThresholdFilter */ = {
			isa = PBXGroup;
			children = (
				849F5833259300FF004477AD /* MetalThresholdFilter.metal */,
				849F583725930335004477AD /* MetalThresholdFilter.swift */,
			);
			path = MetalThresholdFilter;
			sourceTree = "<group>";
		};
		849F583A2593060E004477AD /* MetalOverlayFilter */ = {
			isa = PBXGroup;
			children = (
				849F583B25930622004477AD /* MetalSourceOverlayFilter.metal */,
				849F583F25930653004477AD /* MetalSourceOverlayFilter.swift */,
			);
			path = MetalOverlayFilter;
			sourceTree = "<group>";
		};
		84D2360C2590B181009FA2C6 /* MetalBrightnessFilter */ = {
			isa = PBXGroup;
			children = (
				84D236112590B241009FA2C6 /* MetalBrightnessFilter.metal */,
				84D236142590B272009FA2C6 /* MetalBrightnessFilter.swift */,
			);
			path = MetalBrightnessFilter;
			sourceTree = "<group>";
		};
		84F2A0272599D6CD00465310 /* FilterOptions */ = {
			isa = PBXGroup;
			children = (
				1062D233258E534400CCF343 /* FilterOptionsView.swift */,
				84BE888D25889EDE00F05BBE /* FilterOption.swift */,
			);
			path = FilterOptions;
			sourceTree = "<group>";
		};
/* End PBXGroup section */

/* Begin PBXNativeTarget section */
		84499F802587228100041921 /* TestVideo */ = {
			isa = PBXNativeTarget;
			buildConfigurationList = 84499F952587228400041921 /* Build configuration list for PBXNativeTarget "TestVideo" */;
			buildPhases = (
				84499F7D2587228100041921 /* Sources */,
				84499F7E2587228100041921 /* Frameworks */,
				84499F7F2587228100041921 /* Resources */,
			);
			buildRules = (
				84994D382590520F0020A3E7 /* PBXBuildRule */,
				84994D392590520F0020A3E7 /* PBXBuildRule */,
				84994D37259051CA0020A3E7 /* PBXBuildRule */,
			);
			dependencies = (
			);
			name = TestVideo;
			productName = TestVideo;
			productReference = 84499F812587228100041921 /* TestVideo.app */;
			productType = "com.apple.product-type.application";
		};
/* End PBXNativeTarget section */

/* Begin PBXProject section */
		84499F792587228100041921 /* Project object */ = {
			isa = PBXProject;
			attributes = {
				LastSwiftUpdateCheck = 1200;
				LastUpgradeCheck = 1200;
				TargetAttributes = {
					84499F802587228100041921 = {
						CreatedOnToolsVersion = 12.0;
					};
				};
			};
			buildConfigurationList = 84499F7C2587228100041921 /* Build configuration list for PBXProject "TestVideo" */;
			compatibilityVersion = "Xcode 9.3";
			developmentRegion = en;
			hasScannedForEncodings = 0;
			knownRegions = (
				en,
				Base,
			);
			mainGroup = 84499F782587228100041921;
			productRefGroup = 84499F822587228100041921 /* Products */;
			projectDirPath = "";
			projectRoot = "";
			targets = (
				84499F802587228100041921 /* TestVideo */,
			);
		};
/* End PBXProject section */

/* Begin PBXResourcesBuildPhase section */
		84499F7F2587228100041921 /* Resources */ = {
			isa = PBXResourcesBuildPhase;
			buildActionMask = 2147483647;
			files = (
				84499F912587228400041921 /* LaunchScreen.storyboard in Resources */,
				84994D4C25905D550020A3E7 /* sample-mp4-file.mp4 in Resources */,
				8413DA7325C9345C00FCE1D8 /* cut3.mp4 in Resources */,
				8413DA7425C9345C00FCE1D8 /* cut2.mp4 in Resources */,
				8413DA7525C9345C00FCE1D8 /* cut1.mp4 in Resources */,
				84499F8E2587228400041921 /* Assets.xcassets in Resources */,
			);
			runOnlyForDeploymentPostprocessing = 0;
		};
/* End PBXResourcesBuildPhase section */

/* Begin PBXSourcesBuildPhase section */
		84499F7D2587228100041921 /* Sources */ = {
			isa = PBXSourcesBuildPhase;
			buildActionMask = 2147483647;
			files = (
				84994D482590589B0020A3E7 /* KernelThresholdFilter.swift in Sources */,
				101770C52589485100848937 /* VideoCompositor.swift in Sources */,
				842313BE2589BFB3008B3860 /* CustomSlider.swift in Sources */,
				84994D3D259054200020A3E7 /* KernelHDRZebraFilter.ci.metal in Sources */,
				847D0C1F25909F26000689D2 /* MetalDevice.swift in Sources */,
				8413DA5F25C90B1300FCE1D8 /* MultipleVideoTranstionsViewController.swift in Sources */,
				84499F852587228100041921 /* AppDelegate.swift in Sources */,
				841DBDFF25959528005A3171 /* TimeAndPositionTrackable.swift in Sources */,
				8464CFF02594480800798523 /* TimeRangeSlider.swift in Sources */,
				845A9909258B33BA005B81D0 /* ThumbnailSlider.swift in Sources */,
				849F582C2592FEAE004477AD /* MetalSaturationFilter.metal in Sources */,
				84499F9D2587231800041921 /* VideoEditorViewController.swift in Sources */,
				84994D45259057A20020A3E7 /* KernelThresholdFilter.ci.metal in Sources */,
				8464CFEC2594476400798523 /* FilterControlViewController.swift in Sources */,
				842313C12589C1A7008B3860 /* PlayerToolbar.swift in Sources */,
				8413DA6625C90DDD00FCE1D8 /* VideoTransition+Error.swift in Sources */,
				84BE88912588ABAC00F05BBE /* ThumbnailTrack.swift in Sources */,
				8413DA6325C90B9C00FCE1D8 /* VideoTransition.swift in Sources */,
				847D0C2325909FC6000689D2 /* Filter+Extensions.swift in Sources */,
				84FE8AB5258A03C800E7D1C9 /* PlaybackController.swift in Sources */,
				84FE8AB8258A0AF300E7D1C9 /* PlayerSeeker.swift in Sources */,
				84499F872587228100041921 /* SceneDelegate.swift in Sources */,
				843E10A625889D8600997900 /* PlayerView.swift in Sources */,
				1062D238258E8B5200CCF343 /* HomeViewController.swift in Sources */,
				1070D70D258E8E7B00CCE304 /* Utilites.swift in Sources */,
				84D236122590B241009FA2C6 /* MetalBrightnessFilter.metal in Sources */,
				8464CFDC2594452000798523 /* Filter.swift in Sources */,
				849F583C25930622004477AD /* MetalSourceOverlayFilter.metal in Sources */,
				849B63EA2590A3A700CFB6A9 /* MetalBaseFilter.swift in Sources */,
				1062D234258E534500CCF343 /* FilterOptionsView.swift in Sources */,
				101770CA25894FC400848937 /* VideoExporter.swift in Sources */,
				84581270259477E2002223E7 /* FilterControlPresentationController.swift in Sources */,
				849F584025930653004477AD /* MetalSourceOverlayFilter.swift in Sources */,
				842313CD2589CD23008B3860 /* Extensions.swift in Sources */,
				84994D4F25905EB00020A3E7 /* KernelBaseFilter.swift in Sources */,
				849F58302592FF49004477AD /* MetalSaturationFilter.swift in Sources */,
				84BE888E25889EDE00F05BBE /* FilterOption.swift in Sources */,
				849F583825930335004477AD /* MetalThresholdFilter.swift in Sources */,
				8413DA7E25C94C0600FCE1D8 /* Transition.swift in Sources */,
				8413DA6925C9130D00FCE1D8 /* VideoTransition+Result.swift in Sources */,
				849F5834259300FF004477AD /* MetalThresholdFilter.metal in Sources */,
				84994D41259055890020A3E7 /* KernelHDRZebraFilter.swift in Sources */,
				841DBDFC259592B8005A3171 /* FilterSlider.swift in Sources */,
				84D236152590B272009FA2C6 /* MetalBrightnessFilter.swift in Sources */,
			);
			runOnlyForDeploymentPostprocessing = 0;
		};
/* End PBXSourcesBuildPhase section */

/* Begin PBXVariantGroup section */
		84499F8F2587228400041921 /* LaunchScreen.storyboard */ = {
			isa = PBXVariantGroup;
			children = (
				84499F902587228400041921 /* Base */,
			);
			name = LaunchScreen.storyboard;
			sourceTree = "<group>";
		};
/* End PBXVariantGroup section */

/* Begin XCBuildConfiguration section */
		84499F932587228400041921 /* Debug */ = {
			isa = XCBuildConfiguration;
			buildSettings = {
				ALWAYS_SEARCH_USER_PATHS = NO;
				CLANG_ANALYZER_NONNULL = YES;
				CLANG_ANALYZER_NUMBER_OBJECT_CONVERSION = YES_AGGRESSIVE;
				CLANG_CXX_LANGUAGE_STANDARD = "gnu++14";
				CLANG_CXX_LIBRARY = "libc++";
				CLANG_ENABLE_MODULES = YES;
				CLANG_ENABLE_OBJC_ARC = YES;
				CLANG_ENABLE_OBJC_WEAK = YES;
				CLANG_WARN_BLOCK_CAPTURE_AUTORELEASING = YES;
				CLANG_WARN_BOOL_CONVERSION = YES;
				CLANG_WARN_COMMA = YES;
				CLANG_WARN_CONSTANT_CONVERSION = YES;
				CLANG_WARN_DEPRECATED_OBJC_IMPLEMENTATIONS = YES;
				CLANG_WARN_DIRECT_OBJC_ISA_USAGE = YES_ERROR;
				CLANG_WARN_DOCUMENTATION_COMMENTS = YES;
				CLANG_WARN_EMPTY_BODY = YES;
				CLANG_WARN_ENUM_CONVERSION = YES;
				CLANG_WARN_INFINITE_RECURSION = YES;
				CLANG_WARN_INT_CONVERSION = YES;
				CLANG_WARN_NON_LITERAL_NULL_CONVERSION = YES;
				CLANG_WARN_OBJC_IMPLICIT_RETAIN_SELF = YES;
				CLANG_WARN_OBJC_LITERAL_CONVERSION = YES;
				CLANG_WARN_OBJC_ROOT_CLASS = YES_ERROR;
				CLANG_WARN_QUOTED_INCLUDE_IN_FRAMEWORK_HEADER = YES;
				CLANG_WARN_RANGE_LOOP_ANALYSIS = YES;
				CLANG_WARN_STRICT_PROTOTYPES = YES;
				CLANG_WARN_SUSPICIOUS_MOVE = YES;
				CLANG_WARN_UNGUARDED_AVAILABILITY = YES_AGGRESSIVE;
				CLANG_WARN_UNREACHABLE_CODE = YES;
				CLANG_WARN__DUPLICATE_METHOD_MATCH = YES;
				COPY_PHASE_STRIP = NO;
				DEBUG_INFORMATION_FORMAT = dwarf;
				ENABLE_STRICT_OBJC_MSGSEND = YES;
				ENABLE_TESTABILITY = YES;
				GCC_C_LANGUAGE_STANDARD = gnu11;
				GCC_DYNAMIC_NO_PIC = NO;
				GCC_NO_COMMON_BLOCKS = YES;
				GCC_OPTIMIZATION_LEVEL = 0;
				GCC_PREPROCESSOR_DEFINITIONS = (
					"DEBUG=1",
					"$(inherited)",
				);
				GCC_WARN_64_TO_32_BIT_CONVERSION = YES;
				GCC_WARN_ABOUT_RETURN_TYPE = YES_ERROR;
				GCC_WARN_UNDECLARED_SELECTOR = YES;
				GCC_WARN_UNINITIALIZED_AUTOS = YES_AGGRESSIVE;
				GCC_WARN_UNUSED_FUNCTION = YES;
				GCC_WARN_UNUSED_VARIABLE = YES;
				IPHONEOS_DEPLOYMENT_TARGET = 14.0;
				MTL_ENABLE_DEBUG_INFO = INCLUDE_SOURCE;
				MTL_FAST_MATH = YES;
				ONLY_ACTIVE_ARCH = YES;
				SDKROOT = iphoneos;
				SWIFT_ACTIVE_COMPILATION_CONDITIONS = DEBUG;
				SWIFT_OPTIMIZATION_LEVEL = "-Onone";
			};
			name = Debug;
		};
		84499F942587228400041921 /* Release */ = {
			isa = XCBuildConfiguration;
			buildSettings = {
				ALWAYS_SEARCH_USER_PATHS = NO;
				CLANG_ANALYZER_NONNULL = YES;
				CLANG_ANALYZER_NUMBER_OBJECT_CONVERSION = YES_AGGRESSIVE;
				CLANG_CXX_LANGUAGE_STANDARD = "gnu++14";
				CLANG_CXX_LIBRARY = "libc++";
				CLANG_ENABLE_MODULES = YES;
				CLANG_ENABLE_OBJC_ARC = YES;
				CLANG_ENABLE_OBJC_WEAK = YES;
				CLANG_WARN_BLOCK_CAPTURE_AUTORELEASING = YES;
				CLANG_WARN_BOOL_CONVERSION = YES;
				CLANG_WARN_COMMA = YES;
				CLANG_WARN_CONSTANT_CONVERSION = YES;
				CLANG_WARN_DEPRECATED_OBJC_IMPLEMENTATIONS = YES;
				CLANG_WARN_DIRECT_OBJC_ISA_USAGE = YES_ERROR;
				CLANG_WARN_DOCUMENTATION_COMMENTS = YES;
				CLANG_WARN_EMPTY_BODY = YES;
				CLANG_WARN_ENUM_CONVERSION = YES;
				CLANG_WARN_INFINITE_RECURSION = YES;
				CLANG_WARN_INT_CONVERSION = YES;
				CLANG_WARN_NON_LITERAL_NULL_CONVERSION = YES;
				CLANG_WARN_OBJC_IMPLICIT_RETAIN_SELF = YES;
				CLANG_WARN_OBJC_LITERAL_CONVERSION = YES;
				CLANG_WARN_OBJC_ROOT_CLASS = YES_ERROR;
				CLANG_WARN_QUOTED_INCLUDE_IN_FRAMEWORK_HEADER = YES;
				CLANG_WARN_RANGE_LOOP_ANALYSIS = YES;
				CLANG_WARN_STRICT_PROTOTYPES = YES;
				CLANG_WARN_SUSPICIOUS_MOVE = YES;
				CLANG_WARN_UNGUARDED_AVAILABILITY = YES_AGGRESSIVE;
				CLANG_WARN_UNREACHABLE_CODE = YES;
				CLANG_WARN__DUPLICATE_METHOD_MATCH = YES;
				COPY_PHASE_STRIP = NO;
				DEBUG_INFORMATION_FORMAT = "dwarf-with-dsym";
				ENABLE_NS_ASSERTIONS = NO;
				ENABLE_STRICT_OBJC_MSGSEND = YES;
				GCC_C_LANGUAGE_STANDARD = gnu11;
				GCC_NO_COMMON_BLOCKS = YES;
				GCC_WARN_64_TO_32_BIT_CONVERSION = YES;
				GCC_WARN_ABOUT_RETURN_TYPE = YES_ERROR;
				GCC_WARN_UNDECLARED_SELECTOR = YES;
				GCC_WARN_UNINITIALIZED_AUTOS = YES_AGGRESSIVE;
				GCC_WARN_UNUSED_FUNCTION = YES;
				GCC_WARN_UNUSED_VARIABLE = YES;
				IPHONEOS_DEPLOYMENT_TARGET = 14.0;
				MTL_ENABLE_DEBUG_INFO = NO;
				MTL_FAST_MATH = YES;
				SDKROOT = iphoneos;
				SWIFT_COMPILATION_MODE = wholemodule;
				SWIFT_OPTIMIZATION_LEVEL = "-O";
				VALIDATE_PRODUCT = YES;
			};
			name = Release;
		};
		84499F962587228400041921 /* Debug */ = {
			isa = XCBuildConfiguration;
			buildSettings = {
				ASSETCATALOG_COMPILER_APPICON_NAME = AppIcon;
				ASSETCATALOG_COMPILER_GLOBAL_ACCENT_COLOR_NAME = AccentColor;
				CODE_SIGN_STYLE = Automatic;
				DEVELOPMENT_TEAM = 3KVCFKUZZ6;
				INFOPLIST_FILE = TestVideo/Info.plist;
				IPHONEOS_DEPLOYMENT_TARGET = 13.0;
				LD_RUNPATH_SEARCH_PATHS = (
					"$(inherited)",
					"@executable_path/Frameworks",
				);
				MTL_COMPILER_FLAGS = "";
				PRODUCT_BUNDLE_IDENTIFIER = com.huylh.Testpermission.TestVideo;
				PRODUCT_NAME = "$(TARGET_NAME)";
				SWIFT_VERSION = 5.0;
				TARGETED_DEVICE_FAMILY = "1,2";
			};
			name = Debug;
		};
		84499F972587228400041921 /* Release */ = {
			isa = XCBuildConfiguration;
			buildSettings = {
				ASSETCATALOG_COMPILER_APPICON_NAME = AppIcon;
				ASSETCATALOG_COMPILER_GLOBAL_ACCENT_COLOR_NAME = AccentColor;
				CODE_SIGN_STYLE = Automatic;
				DEVELOPMENT_TEAM = 3KVCFKUZZ6;
				INFOPLIST_FILE = TestVideo/Info.plist;
				IPHONEOS_DEPLOYMENT_TARGET = 13.0;
				LD_RUNPATH_SEARCH_PATHS = (
					"$(inherited)",
					"@executable_path/Frameworks",
				);
				MTL_COMPILER_FLAGS = "";
				PRODUCT_BUNDLE_IDENTIFIER = com.huylh.Testpermission.TestVideo;
				PRODUCT_NAME = "$(TARGET_NAME)";
				SWIFT_VERSION = 5.0;
				TARGETED_DEVICE_FAMILY = "1,2";
			};
			name = Release;
		};
/* End XCBuildConfiguration section */

/* Begin XCConfigurationList section */
		84499F7C2587228100041921 /* Build configuration list for PBXProject "TestVideo" */ = {
			isa = XCConfigurationList;
			buildConfigurations = (
				84499F932587228400041921 /* Debug */,
				84499F942587228400041921 /* Release */,
			);
			defaultConfigurationIsVisible = 0;
			defaultConfigurationName = Release;
		};
		84499F952587228400041921 /* Build configuration list for PBXNativeTarget "TestVideo" */ = {
			isa = XCConfigurationList;
			buildConfigurations = (
				84499F962587228400041921 /* Debug */,
				84499F972587228400041921 /* Release */,
			);
			defaultConfigurationIsVisible = 0;
			defaultConfigurationName = Release;
		};
/* End XCConfigurationList section */
	};
	rootObject = 84499F792587228100041921 /* Project object */;
}
